# THIS IS AN AUTOGENERATED FILE. DO NOT EDIT THIS FILE DIRECTLY.
# yarn lockfile v1


"@patternfly/patternfly@^4.16.7":
  version "4.16.7"
  resolved "https://registry.yarnpkg.com/@patternfly/patternfly/-/patternfly-4.16.7.tgz#6343eb530528e5b6c2670d24b115031e135f15ad"
  integrity sha512-B5jP/xG1MxNNDO3p52rx7a2DJspq8aUJFixYdPk1peK7SaC5X9ju2oCyE9xN1Nfe1AjlPxAOpNWPd9TWw88yLQ==
