# THIS IS AN AUTOGENERATED FILE. DO NOT EDIT THIS FILE DIRECTLY.
# yarn lockfile v1


"@patternfly/patternfly@^4.31.6":
  version "4.31.6"
  resolved "https://registry.yarnpkg.com/@patternfly/patternfly/-/patternfly-4.31.6.tgz#ef9919df610171760cd19920a904ca9b09a74593"
  integrity sha512-gp8tpbE4Z6C1PIQwNiWMjO5XSr/UGjXs4InL/zmxgZbToyizUxsudwJyCObtdvDNoN57ZJp0gYWYy0tIuwEyMA==

js-treeview@^1.1.5:
  version "1.1.5"
  resolved "https://registry.yarnpkg.com/js-treeview/-/js-treeview-1.1.5.tgz#adf4191e18a3a24c89ec56e3b71c798ad8a06fe8"
  integrity sha512-PtOfvElB7KZL4O0aO3z7UY38G7ReMN74Y1iRSZPsOfyS+YGtVrHVTst+rwIy96PGoWQ2/7wEUOjjpSeYUj7+mg==
