# THIS IS AN AUTOGENERATED FILE. DO NOT EDIT THIS FILE DIRECTLY.
# yarn lockfile v1


bootstrap-icons@^1.1.0:
  version "1.1.0"
  resolved "https://registry.yarnpkg.com/bootstrap-icons/-/bootstrap-icons-1.1.0.tgz#8f2e268a563e3056723171dfd1c5f78a8c3e1677"
  integrity sha512-z5wWjw+SGLdDdP9R5qqEYSi+yRJOeOwlGW83VNftMO+jIgW/rtxHk3LI8sRxPYZEB0G+btJaEiUKLKsx3Mlycg==

bootstrap@^5.0.0-alpha2:
  version "5.0.0-alpha2"
  resolved "https://registry.yarnpkg.com/bootstrap/-/bootstrap-5.0.0-alpha2.tgz#e37ce5836ef57c691d7e2369f7381b872d215f83"
  integrity sha512-ZhW32+m5ImJoEkDKn43QQk2KovpJFisV/7TAg/RCzDi+B8m7FUgLHWx1Auu0Jt3/DQXDYwp6iwsprP3ej4u3ng==

popper.js@1.16.1:
  version "1.16.1"
  resolved "https://registry.yarnpkg.com/popper.js/-/popper.js-1.16.1.tgz#2a223cb3dc7b6213d740e40372be40de43e65b1b"
  integrity sha512-Wb4p1J4zyFTbM+u6WuO4XstYx4Ky9Cewe4DWrel7B0w6VVICvPwdOpotjzcf6eD8TsckVnIMNONQyPIUFOUbCQ==
